// !$*UTF8*$!
{
	archiveVersion = 1;
	classes = {
	};
	objectVersion = 46;
	objects = {

/* Begin PBXBuildFile section */
		6C5C75501C81CD160017C0CD /* DocumentsTVC.m in Sources */ = {isa = PBXBuildFile; fileRef = 6C5C754F1C81CD160017C0CD /* DocumentsTVC.m */; };
		6C5C75541C81D2390017C0CD /* DocModel.m in Sources */ = {isa = PBXBuildFile; fileRef = 6C5C75531C81D2390017C0CD /* DocModel.m */; };
		6C5C75571C81D5960017C0CD /* DetailViewerDocumentTVC.m in Sources */ = {isa = PBXBuildFile; fileRef = 6C5C75561C81D5960017C0CD /* DetailViewerDocumentTVC.m */; };
		6CADA8D11C817DE1009B5F5A /* main.m in Sources */ = {isa = PBXBuildFile; fileRef = 6CADA8D01C817DE1009B5F5A /* main.m */; };
		6CADA8D41C817DE1009B5F5A /* AppDelegate.m in Sources */ = {isa = PBXBuildFile; fileRef = 6CADA8D31C817DE1009B5F5A /* AppDelegate.m */; };
		6CADA8DA1C817DE1009B5F5A /* Main.storyboard in Resources */ = {isa = PBXBuildFile; fileRef = 6CADA8D81C817DE1009B5F5A /* Main.storyboard */; };
		6CADA8DC1C817DE1009B5F5A /* Assets.xcassets in Resources */ = {isa = PBXBuildFile; fileRef = 6CADA8DB1C817DE1009B5F5A /* Assets.xcassets */; };
		6CADA8DF1C817DE1009B5F5A /* LaunchScreen.storyboard in Resources */ = {isa = PBXBuildFile; fileRef = 6CADA8DD1C817DE1009B5F5A /* LaunchScreen.storyboard */; };
		6CADA8E91C81A74B009B5F5A /* Keychain.m in Sources */ = {isa = PBXBuildFile; fileRef = 6CADA8E81C81A74B009B5F5A /* Keychain.m */; };
		6CADA8EC1C81C45D009B5F5A /* LoginVC.m in Sources */ = {isa = PBXBuildFile; fileRef = 6CADA8EB1C81C45D009B5F5A /* LoginVC.m */; };
		6CC51C611C8B56C900318270 /* MobileCoreServices.framework in Frameworks */ = {isa = PBXBuildFile; fileRef = 6CC51C601C8B56C900318270 /* MobileCoreServices.framework */; };
		6CEF70761C8D889D006C2DE0 /* CellDetailPhoto.xib in Resources */ = {isa = PBXBuildFile; fileRef = 6CEF70751C8D889D006C2DE0 /* CellDetailPhoto.xib */; };
		6CEF70791C8D9866006C2DE0 /* CellDetail.m in Sources */ = {isa = PBXBuildFile; fileRef = 6CEF70781C8D9866006C2DE0 /* CellDetail.m */; };
/* End PBXBuildFile section */

/* Begin PBXFileReference section */
		6C5C754E1C81CD160017C0CD /* DocumentsTVC.h */ = {isa = PBXFileReference; fileEncoding = 4; lastKnownFileType = sourcecode.c.h; path = DocumentsTVC.h; sourceTree = "<group>"; };
		6C5C754F1C81CD160017C0CD /* DocumentsTVC.m */ = {isa = PBXFileReference; fileEncoding = 4; lastKnownFileType = sourcecode.c.objc; path = DocumentsTVC.m; sourceTree = "<group>"; };
		6C5C75521C81D2390017C0CD /* DocModel.h */ = {isa = PBXFileReference; fileEncoding = 4; lastKnownFileType = sourcecode.c.h; path = DocModel.h; sourceTree = "<group>"; };
		6C5C75531C81D2390017C0CD /* DocModel.m */ = {isa = PBXFileReference; fileEncoding = 4; lastKnownFileType = sourcecode.c.objc; path = DocModel.m; sourceTree = "<group>"; };
		6C5C75551C81D5960017C0CD /* DetailViewerDocumentTVC.h */ = {isa = PBXFileReference; fileEncoding = 4; lastKnownFileType = sourcecode.c.h; path = DetailViewerDocumentTVC.h; sourceTree = "<group>"; };
		6C5C75561C81D5960017C0CD /* DetailViewerDocumentTVC.m */ = {isa = PBXFileReference; fileEncoding = 4; lastKnownFileType = sourcecode.c.objc; path = DetailViewerDocumentTVC.m; sourceTree = "<group>"; };
		6CADA8CC1C817DE1009B5F5A /* SecureMyData.app */ = {isa = PBXFileReference; explicitFileType = wrapper.application; includeInIndex = 0; path = SecureMyData.app; sourceTree = BUILT_PRODUCTS_DIR; };
		6CADA8D01C817DE1009B5F5A /* main.m */ = {isa = PBXFileReference; lastKnownFileType = sourcecode.c.objc; path = main.m; sourceTree = "<group>"; };
		6CADA8D21C817DE1009B5F5A /* AppDelegate.h */ = {isa = PBXFileReference; lastKnownFileType = sourcecode.c.h; path = AppDelegate.h; sourceTree = "<group>"; };
		6CADA8D31C817DE1009B5F5A /* AppDelegate.m */ = {isa = PBXFileReference; lastKnownFileType = sourcecode.c.objc; path = AppDelegate.m; sourceTree = "<group>"; };
		6CADA8D91C817DE1009B5F5A /* Base */ = {isa = PBXFileReference; lastKnownFileType = file.storyboard; name = Base; path = Base.lproj/Main.storyboard; sourceTree = "<group>"; };
		6CADA8DB1C817DE1009B5F5A /* Assets.xcassets */ = {isa = PBXFileReference; lastKnownFileType = folder.assetcatalog; path = Assets.xcassets; sourceTree = "<group>"; };
		6CADA8DE1C817DE1009B5F5A /* Base */ = {isa = PBXFileReference; lastKnownFileType = file.storyboard; name = Base; path = Base.lproj/LaunchScreen.storyboard; sourceTree = "<group>"; };
		6CADA8E01C817DE1009B5F5A /* Info.plist */ = {isa = PBXFileReference; lastKnownFileType = text.plist.xml; path = Info.plist; sourceTree = "<group>"; };
		6CADA8E71C81A74B009B5F5A /* Keychain.h */ = {isa = PBXFileReference; fileEncoding = 4; lastKnownFileType = sourcecode.c.h; path = Keychain.h; sourceTree = "<group>"; };
		6CADA8E81C81A74B009B5F5A /* Keychain.m */ = {isa = PBXFileReference; fileEncoding = 4; lastKnownFileType = sourcecode.c.objc; path = Keychain.m; sourceTree = "<group>"; };
		6CADA8EA1C81C45D009B5F5A /* LoginVC.h */ = {isa = PBXFileReference; fileEncoding = 4; lastKnownFileType = sourcecode.c.h; path = LoginVC.h; sourceTree = "<group>"; };
		6CADA8EB1C81C45D009B5F5A /* LoginVC.m */ = {isa = PBXFileReference; fileEncoding = 4; lastKnownFileType = sourcecode.c.objc; path = LoginVC.m; sourceTree = "<group>"; };
		6CC51C601C8B56C900318270 /* MobileCoreServices.framework */ = {isa = PBXFileReference; lastKnownFileType = wrapper.framework; name = MobileCoreServices.framework; path = System/Library/Frameworks/MobileCoreServices.framework; sourceTree = SDKROOT; };
		6CEF70751C8D889D006C2DE0 /* CellDetailPhoto.xib */ = {isa = PBXFileReference; fileEncoding = 4; lastKnownFileType = file.xib; path = CellDetailPhoto.xib; sourceTree = "<group>"; };
		6CEF70771C8D9866006C2DE0 /* CellDetail.h */ = {isa = PBXFileReference; fileEncoding = 4; lastKnownFileType = sourcecode.c.h; path = CellDetail.h; sourceTree = "<group>"; };
		6CEF70781C8D9866006C2DE0 /* CellDetail.m */ = {isa = PBXFileReference; fileEncoding = 4; lastKnownFileType = sourcecode.c.objc; path = CellDetail.m; sourceTree = "<group>"; };
/* End PBXFileReference section */

/* Begin PBXFrameworksBuildPhase section */
		6CADA8C91C817DE1009B5F5A /* Frameworks */ = {
			isa = PBXFrameworksBuildPhase;
			buildActionMask = 2147483647;
			files = (
				6CC51C611C8B56C900318270 /* MobileCoreServices.framework in Frameworks */,
			);
			runOnlyForDeploymentPostprocessing = 0;
		};
/* End PBXFrameworksBuildPhase section */

/* Begin PBXGroup section */
		6C5C75511C81CE920017C0CD /* Model */ = {
			isa = PBXGroup;
			children = (
				6C5C75521C81D2390017C0CD /* DocModel.h */,
				6C5C75531C81D2390017C0CD /* DocModel.m */,
			);
			name = Model;
			sourceTree = "<group>";
		};
		6CADA8C31C817DE0009B5F5A = {
			isa = PBXGroup;
			children = (
				6CC51C601C8B56C900318270 /* MobileCoreServices.framework */,
				6CADA8CE1C817DE1009B5F5A /* SecureMyData */,
				6CADA8CD1C817DE1009B5F5A /* Products */,
			);
			sourceTree = "<group>";
		};
		6CADA8CD1C817DE1009B5F5A /* Products */ = {
			isa = PBXGroup;
			children = (
				6CADA8CC1C817DE1009B5F5A /* SecureMyData.app */,
			);
			name = Products;
			sourceTree = "<group>";
		};
		6CADA8CE1C817DE1009B5F5A /* SecureMyData */ = {
			isa = PBXGroup;
			children = (
				6CADA8D21C817DE1009B5F5A /* AppDelegate.h */,
				6CADA8D31C817DE1009B5F5A /* AppDelegate.m */,
				6C5C75511C81CE920017C0CD /* Model */,
				6CADA8ED1C81C58F009B5F5A /* Controllers */,
				6CADA8D81C817DE1009B5F5A /* Main.storyboard */,
				6CEF70751C8D889D006C2DE0 /* CellDetailPhoto.xib */,
				6CEF70771C8D9866006C2DE0 /* CellDetail.h */,
				6CEF70781C8D9866006C2DE0 /* CellDetail.m */,
				6CADA8E61C81A723009B5F5A /* Keychain */,
				6CADA8CF1C817DE1009B5F5A /* Supporting Files */,
			);
			path = SecureMyData;
			sourceTree = "<group>";
		};
		6CADA8CF1C817DE1009B5F5A /* Supporting Files */ = {
			isa = PBXGroup;
			children = (
				6CADA8DB1C817DE1009B5F5A /* Assets.xcassets */,
				6CADA8DD1C817DE1009B5F5A /* LaunchScreen.storyboard */,
				6CADA8E01C817DE1009B5F5A /* Info.plist */,
				6CADA8D01C817DE1009B5F5A /* main.m */,
			);
			name = "Supporting Files";
			sourceTree = "<group>";
		};
		6CADA8E61C81A723009B5F5A /* Keychain */ = {
			isa = PBXGroup;
			children = (
				6CADA8E71C81A74B009B5F5A /* Keychain.h */,
				6CADA8E81C81A74B009B5F5A /* Keychain.m */,
			);
			name = Keychain;
			sourceTree = "<group>";
		};
		6CADA8ED1C81C58F009B5F5A /* Controllers */ = {
			isa = PBXGroup;
			children = (
				6CADA8EA1C81C45D009B5F5A /* LoginVC.h */,
				6CADA8EB1C81C45D009B5F5A /* LoginVC.m */,
				6C5C754E1C81CD160017C0CD /* DocumentsTVC.h */,
				6C5C754F1C81CD160017C0CD /* DocumentsTVC.m */,
				6C5C75551C81D5960017C0CD /* DetailViewerDocumentTVC.h */,
				6C5C75561C81D5960017C0CD /* DetailViewerDocumentTVC.m */,
			);
			name = Controllers;
			sourceTree = "<group>";
		};
/* End PBXGroup section */

/* Begin PBXNativeTarget section */
		6CADA8CB1C817DE1009B5F5A /* SecureMyData */ = {
			isa = PBXNativeTarget;
			buildConfigurationList = 6CADA8E31C817DE1009B5F5A /* Build configuration list for PBXNativeTarget "SecureMyData" */;
			buildPhases = (
				6CADA8C81C817DE1009B5F5A /* Sources */,
				6CADA8C91C817DE1009B5F5A /* Frameworks */,
				6CADA8CA1C817DE1009B5F5A /* Resources */,
			);
			buildRules = (
			);
			dependencies = (
			);
			name = SecureMyData;
			productName = SecureMyData;
			productReference = 6CADA8CC1C817DE1009B5F5A /* SecureMyData.app */;
			productType = "com.apple.product-type.application";
		};
/* End PBXNativeTarget section */

/* Begin PBXProject section */
		6CADA8C41C817DE1009B5F5A /* Project object */ = {
			isa = PBXProject;
			attributes = {
				LastUpgradeCheck = 0720;
				ORGANIZATIONNAME = MD;
				TargetAttributes = {
					6CADA8CB1C817DE1009B5F5A = {
						CreatedOnToolsVersion = 7.2;
					};
				};
			};
			buildConfigurationList = 6CADA8C71C817DE1009B5F5A /* Build configuration list for PBXProject "SecureMyData" */;
			compatibilityVersion = "Xcode 3.2";
			developmentRegion = English;
			hasScannedForEncodings = 0;
			knownRegions = (
				en,
				Base,
			);
			mainGroup = 6CADA8C31C817DE0009B5F5A;
			productRefGroup = 6CADA8CD1C817DE1009B5F5A /* Products */;
			projectDirPath = "";
			projectRoot = "";
			targets = (
				6CADA8CB1C817DE1009B5F5A /* SecureMyData */,
			);
		};
/* End PBXProject section */

/* Begin PBXResourcesBuildPhase section */
		6CADA8CA1C817DE1009B5F5A /* Resources */ = {
			isa = PBXResourcesBuildPhase;
			buildActionMask = 2147483647;
			files = (
				6CADA8DF1C817DE1009B5F5A /* LaunchScreen.storyboard in Resources */,
				6CADA8DC1C817DE1009B5F5A /* Assets.xcassets in Resources */,
				6CADA8DA1C817DE1009B5F5A /* Main.storyboard in Resources */,
				6CEF70761C8D889D006C2DE0 /* CellDetailPhoto.xib in Resources */,
			);
			runOnlyForDeploymentPostprocessing = 0;
		};
/* End PBXResourcesBuildPhase section */

/* Begin PBXSourcesBuildPhase section */
		6CADA8C81C817DE1009B5F5A /* Sources */ = {
			isa = PBXSourcesBuildPhase;
			buildActionMask = 2147483647;
			files = (
				6CADA8E91C81A74B009B5F5A /* Keychain.m in Sources */,
				6CADA8EC1C81C45D009B5F5A /* LoginVC.m in Sources */,
				6CEF70791C8D9866006C2DE0 /* CellDetail.m in Sources */,
				6C5C75541C81D2390017C0CD /* DocModel.m in Sources */,
				6CADA8D41C817DE1009B5F5A /* AppDelegate.m in Sources */,
				6CADA8D11C817DE1009B5F5A /* main.m in Sources */,
				6C5C75571C81D5960017C0CD /* DetailViewerDocumentTVC.m in Sources */,
				6C5C75501C81CD160017C0CD /* DocumentsTVC.m in Sources */,
			);
			runOnlyForDeploymentPostprocessing = 0;
		};
/* End PBXSourcesBuildPhase section */

/* Begin PBXVariantGroup section */
		6CADA8D81C817DE1009B5F5A /* Main.storyboard */ = {
			isa = PBXVariantGroup;
			children = (
				6CADA8D91C817DE1009B5F5A /* Base */,
			);
			name = Main.storyboard;
			sourceTree = "<group>";
		};
		6CADA8DD1C817DE1009B5F5A /* LaunchScreen.storyboard */ = {
			isa = PBXVariantGroup;
			children = (
				6CADA8DE1C817DE1009B5F5A /* Base */,
			);
			name = LaunchScreen.storyboard;
			sourceTree = "<group>";
		};
/* End PBXVariantGroup section */

/* Begin XCBuildConfiguration section */
		6CADA8E11C817DE1009B5F5A /* Debug */ = {
			isa = XCBuildConfiguration;
			buildSettings = {
				ALWAYS_SEARCH_USER_PATHS = NO;
				CLANG_CXX_LANGUAGE_STANDARD = "gnu++0x";
				CLANG_CXX_LIBRARY = "libc++";
				CLANG_ENABLE_MODULES = YES;
				CLANG_ENABLE_OBJC_ARC = YES;
				CLANG_WARN_BOOL_CONVERSION = YES;
				CLANG_WARN_CONSTANT_CONVERSION = YES;
				CLANG_WARN_DIRECT_OBJC_ISA_USAGE = YES_ERROR;
				CLANG_WARN_EMPTY_BODY = YES;
				CLANG_WARN_ENUM_CONVERSION = YES;
				CLANG_WARN_INT_CONVERSION = YES;
				CLANG_WARN_OBJC_ROOT_CLASS = YES_ERROR;
				CLANG_WARN_UNREACHABLE_CODE = YES;
				CLANG_WARN__DUPLICATE_METHOD_MATCH = YES;
				"CODE_SIGN_IDENTITY[sdk=iphoneos*]" = "iPhone Developer";
				COPY_PHASE_STRIP = NO;
				DEBUG_INFORMATION_FORMAT = dwarf;
				ENABLE_STRICT_OBJC_MSGSEND = YES;
				ENABLE_TESTABILITY = YES;
				GCC_C_LANGUAGE_STANDARD = gnu99;
				GCC_DYNAMIC_NO_PIC = NO;
				GCC_NO_COMMON_BLOCKS = YES;
				GCC_OPTIMIZATION_LEVEL = 0;
				GCC_PREPROCESSOR_DEFINITIONS = (
					"DEBUG=1",
					"$(inherited)",
				);
				GCC_WARN_64_TO_32_BIT_CONVERSION = YES;
				GCC_WARN_ABOUT_RETURN_TYPE = YES_ERROR;
				GCC_WARN_UNDECLARED_SELECTOR = YES;
				GCC_WARN_UNINITIALIZED_AUTOS = YES_AGGRESSIVE;
				GCC_WARN_UNUSED_FUNCTION = YES;
				GCC_WARN_UNUSED_VARIABLE = YES;
				IPHONEOS_DEPLOYMENT_TARGET = 9.2;
				MTL_ENABLE_DEBUG_INFO = YES;
				ONLY_ACTIVE_ARCH = YES;
				SDKROOT = iphoneos;
			};
			name = Debug;
		};
		6CADA8E21C817DE1009B5F5A /* Release */ = {
			isa = XCBuildConfiguration;
			buildSettings = {
				ALWAYS_SEARCH_USER_PATHS = NO;
				CLANG_CXX_LANGUAGE_STANDARD = "gnu++0x";
				CLANG_CXX_LIBRARY = "libc++";
				CLANG_ENABLE_MODULES = YES;
				CLANG_ENABLE_OBJC_ARC = YES;
				CLANG_WARN_BOOL_CONVERSION = YES;
				CLANG_WARN_CONSTANT_CONVERSION = YES;
				CLANG_WARN_DIRECT_OBJC_ISA_USAGE = YES_ERROR;
				CLANG_WARN_EMPTY_BODY = YES;
				CLANG_WARN_ENUM_CONVERSION = YES;
				CLANG_WARN_INT_CONVERSION = YES;
				CLANG_WARN_OBJC_ROOT_CLASS = YES_ERROR;
				CLANG_WARN_UNREACHABLE_CODE = YES;
				CLANG_WARN__DUPLICATE_METHOD_MATCH = YES;
				"CODE_SIGN_IDENTITY[sdk=iphoneos*]" = "iPhone Developer";
				COPY_PHASE_STRIP = NO;
				DEBUG_INFORMATION_FORMAT = "dwarf-with-dsym";
				ENABLE_NS_ASSERTIONS = NO;
				ENABLE_STRICT_OBJC_MSGSEND = YES;
				GCC_C_LANGUAGE_STANDARD = gnu99;
				GCC_NO_COMMON_BLOCKS = YES;
				GCC_WARN_64_TO_32_BIT_CONVERSION = YES;
				GCC_WARN_ABOUT_RETURN_TYPE = YES_ERROR;
				GCC_WARN_UNDECLARED_SELECTOR = YES;
				GCC_WARN_UNINITIALIZED_AUTOS = YES_AGGRESSIVE;
				GCC_WARN_UNUSED_FUNCTION = YES;
				GCC_WARN_UNUSED_VARIABLE = YES;
				IPHONEOS_DEPLOYMENT_TARGET = 9.2;
				MTL_ENABLE_DEBUG_INFO = NO;
				SDKROOT = iphoneos;
				VALIDATE_PRODUCT = YES;
			};
			name = Release;
		};
		6CADA8E41C817DE1009B5F5A /* Debug */ = {
			isa = XCBuildConfiguration;
			buildSettings = {
				ASSETCATALOG_COMPILER_APPICON_NAME = AppIcon;
				INFOPLIST_FILE = SecureMyData/Info.plist;
				IPHONEOS_DEPLOYMENT_TARGET = 8.3;
				LD_RUNPATH_SEARCH_PATHS = "$(inherited) @executable_path/Frameworks";
				PRODUCT_BUNDLE_IDENTIFIER = exampleCode.SecureMyData;
				PRODUCT_NAME = "$(TARGET_NAME)";
				TARGETED_DEVICE_FAMILY = "1,2";
			};
			name = Debug;
		};
		6CADA8E51C817DE1009B5F5A /* Release */ = {
			isa = XCBuildConfiguration;
			buildSettings = {
				ASSETCATALOG_COMPILER_APPICON_NAME = AppIcon;
				INFOPLIST_FILE = SecureMyData/Info.plist;
				IPHONEOS_DEPLOYMENT_TARGET = 8.3;
				LD_RUNPATH_SEARCH_PATHS = "$(inherited) @executable_path/Frameworks";
				PRODUCT_BUNDLE_IDENTIFIER = exampleCode.SecureMyData;
				PRODUCT_NAME = "$(TARGET_NAME)";
				TARGETED_DEVICE_FAMILY = "1,2";
			};
			name = Release;
		};
/* End XCBuildConfiguration section */

/* Begin XCConfigurationList section */
		6CADA8C71C817DE1009B5F5A /* Build configuration list for PBXProject "SecureMyData" */ = {
			isa = XCConfigurationList;
			buildConfigurations = (
				6CADA8E11C817DE1009B5F5A /* Debug */,
				6CADA8E21C817DE1009B5F5A /* Release */,
			);
			defaultConfigurationIsVisible = 0;
			defaultConfigurationName = Release;
		};
		6CADA8E31C817DE1009B5F5A /* Build configuration list for PBXNativeTarget "SecureMyData" */ = {
			isa = XCConfigurationList;
			buildConfigurations = (
				6CADA8E41C817DE1009B5F5A /* Debug */,
				6CADA8E51C817DE1009B5F5A /* Release */,
			);
			defaultConfigurationIsVisible = 0;
			defaultConfigurationName = Release;
		};
/* End XCConfigurationList section */
	};
	rootObject = 6CADA8C41C817DE1009B5F5A /* Project object */;
}
